
Microsoft Visual Studio Solution File, Format Version 12.00
# Visual Studio Version 17
VisualStudioVersion = 17.1.32421.90
MinimumVisualStudioVersion = 10.0.40219.1
Project("{778DAE3C-4631-46EA-AA77-85C1314464D9}") = "TGGD_AdvJam2022", "TGGD_AdvJam2022\TGGD_AdvJam2022.vbproj", "{E2F0AF0D-9709-40CE-A30D-00148708AE70}"
EndProject
Project("{778DAE3C-4631-46EA-AA77-85C1314464D9}") = "AdvJam2022.Game", "AdvJam2022.Game\AdvJam2022.Game.vbproj", "{1AC7ACED-E852-492A-BA26-863BBD3B0F0E}"
EndProject
Project("{778DAE3C-4631-46EA-AA77-85C1314464D9}") = "SPLORR.Game", "SPLORR.Game\SPLORR.Game.vbproj", "{5EE0DC30-45AA-4352-ADF8-E1521248E550}"
EndProject
Project("{778DAE3C-4631-46EA-AA77-85C1314464D9}") = "SPLORR.Data", "SPLORR.Data\SPLORR.Data.vbproj", "{D5DECE76-46BE-4679-80D8-7487CA321381}"
EndProject
Project("{778DAE3C-4631-46EA-AA77-85C1314464D9}") = "AdvJam2022.Data", "AdvJam2022.Data\AdvJam2022.Data.vbproj", "{AA314317-2686-4E0A-AE30-EB30C703766B}"
EndProject
Project("{2150E333-8FDC-42A3-9474-1A3956D46DE8}") = "stuff", "stuff", "{F59A0AB2-94E7-4592-AACB-34D363C4C907}"
	ProjectSection(SolutionItems) = preProject
		..\pub-windows\.itch.toml = ..\pub-windows\.itch.toml
		..\butler.sh = ..\butler.sh
	EndProjectSection
EndProject
Project("{2150E333-8FDC-42A3-9474-1A3956D46DE8}") = "Common", "Common", "{17678619-E249-49D2-A6FE-6F67EFD33CE1}"
EndProject
Global
	GlobalSection(SolutionConfigurationPlatforms) = preSolution
		Debug|Any CPU = Debug|Any CPU
		Release|Any CPU = Release|Any CPU
	EndGlobalSection
	GlobalSection(ProjectConfigurationPlatforms) = postSolution
		{E2F0AF0D-9709-40CE-A30D-00148708AE70}.Debug|Any CPU.ActiveCfg = Debug|Any CPU
		{E2F0AF0D-9709-40CE-A30D-00148708AE70}.Debug|Any CPU.Build.0 = Debug|Any CPU
		{E2F0AF0D-9709-40CE-A30D-00148708AE70}.Release|Any CPU.ActiveCfg = Release|Any CPU
		{E2F0AF0D-9709-40CE-A30D-00148708AE70}.Release|Any CPU.Build.0 = Release|Any CPU
		{1AC7ACED-E852-492A-BA26-863BBD3B0F0E}.Debug|Any CPU.ActiveCfg = Debug|Any CPU
		{1AC7ACED-E852-492A-BA26-863BBD3B0F0E}.Debug|Any CPU.Build.0 = Debug|Any CPU
		{1AC7ACED-E852-492A-BA26-863BBD3B0F0E}.Release|Any CPU.ActiveCfg = Release|Any CPU
		{1AC7ACED-E852-492A-BA26-863BBD3B0F0E}.Release|Any CPU.Build.0 = Release|Any CPU
		{5EE0DC30-45AA-4352-ADF8-E1521248E550}.Debug|Any CPU.ActiveCfg = Debug|Any CPU
		{5EE0DC30-45AA-4352-ADF8-E1521248E550}.Debug|Any CPU.Build.0 = Debug|Any CPU
		{5EE0DC30-45AA-4352-ADF8-E1521248E550}.Release|Any CPU.ActiveCfg = Release|Any CPU
		{5EE0DC30-45AA-4352-ADF8-E1521248E550}.Release|Any CPU.Build.0 = Release|Any CPU
		{D5DECE76-46BE-4679-80D8-7487CA321381}.Debug|Any CPU.ActiveCfg = Debug|Any CPU
		{D5DECE76-46BE-4679-80D8-7487CA321381}.Debug|Any CPU.Build.0 = Debug|Any CPU
		{D5DECE76-46BE-4679-80D8-7487CA321381}.Release|Any CPU.ActiveCfg = Release|Any CPU
		{D5DECE76-46BE-4679-80D8-7487CA321381}.Release|Any CPU.Build.0 = Release|Any CPU
		{AA314317-2686-4E0A-AE30-EB30C703766B}.Debug|Any CPU.ActiveCfg = Debug|Any CPU
		{AA314317-2686-4E0A-AE30-EB30C703766B}.Debug|Any CPU.Build.0 = Debug|Any CPU
		{AA314317-2686-4E0A-AE30-EB30C703766B}.Release|Any CPU.ActiveCfg = Release|Any CPU
		{AA314317-2686-4E0A-AE30-EB30C703766B}.Release|Any CPU.Build.0 = Release|Any CPU
	EndGlobalSection
	GlobalSection(SolutionProperties) = preSolution
		HideSolutionNode = FALSE
	EndGlobalSection
	GlobalSection(NestedProjects) = preSolution
		{5EE0DC30-45AA-4352-ADF8-E1521248E550} = {17678619-E249-49D2-A6FE-6F67EFD33CE1}
		{D5DECE76-46BE-4679-80D8-7487CA321381} = {17678619-E249-49D2-A6FE-6F67EFD33CE1}
	EndGlobalSection
	GlobalSection(ExtensibilityGlobals) = postSolution
		SolutionGuid = {4A8A2675-4B05-41AB-9527-9A99658597EE}
	EndGlobalSection
EndGlobal
